
Microsoft Visual Studio Solution File, Format Version 12.00
# Visual Studio Version 17
VisualStudioVersion = 17.8.34330.188
MinimumVisualStudioVersion = 10.0.40219.1
Project("{FAE04EC0-301F-11D3-BF4B-00C04F79EFBC}") = "PictureViewer", "PictureViewer\PictureViewer.csproj", "{95290B75-8769-458E-AB50-FA8A9D9BFA79}"
EndProject
Global
	GlobalSection(SolutionConfigurationPlatforms) = preSolution
		Debug|Any CPU = Debug|Any CPU
		Release|Any CPU = Release|Any CPU
	EndGlobalSection
	GlobalSection(ProjectConfigurationPlatforms) = postSolution
		{95290B75-8769-458E-AB50-FA8A9D9BFA79}.Debug|Any CPU.ActiveCfg = Debug|Any CPU
		{95290B75-8769-458E-AB50-FA8A9D9BFA79}.Debug|Any CPU.Build.0 = Debug|Any CPU
		{95290B75-8769-458E-AB50-FA8A9D9BFA79}.Release|Any CPU.ActiveCfg = Release|Any CPU
		{95290B75-8769-458E-AB50-FA8A9D9BFA79}.Release|Any CPU.Build.0 = Release|Any CPU
	EndGlobalSection
	GlobalSection(SolutionProperties) = preSolution
		HideSolutionNode = FALSE
	EndGlobalSection
	GlobalSection(ExtensibilityGlobals) = postSolution
		SolutionGuid = {97D6306A-DD3B-4843-9A3C-45FB688DC8F6}
	EndGlobalSection
EndGlobal
